
Microsoft Visual Studio Solution File, Format Version 12.00
# Visual Studio 15
Project("{FAE04EC0-301F-11D3-BF4B-00C04F79EFBC}") = "Assembly-CSharp", "Assembly-CSharp.csproj", "{129A509B-7501-1030-B5AE-F942E37A1837}"
EndProject
Global
	GlobalSection(SolutionConfigurationPlatforms) = preSolution
		Debug|Any CPU = Debug|Any CPU
		Release|Any CPU = Release|Any CPU
	EndGlobalSection
	GlobalSection(ProjectConfigurationPlatforms) = postSolution
		{129A509B-7501-1030-B5AE-F942E37A1837}.Debug|Any CPU.ActiveCfg = Debug|Any CPU
		{129A509B-7501-1030-B5AE-F942E37A1837}.Debug|Any CPU.Build.0 = Debug|Any CPU
		{129A509B-7501-1030-B5AE-F942E37A1837}.Release|Any CPU.ActiveCfg = Release|Any CPU
		{129A509B-7501-1030-B5AE-F942E37A1837}.Release|Any CPU.Build.0 = Release|Any CPU
	EndGlobalSection
	GlobalSection(SolutionProperties) = preSolution
		HideSolutionNode = FALSE
	EndGlobalSection
EndGlobal
